
Microsoft Visual Studio Solution File, Format Version 12.00
# Visual Studio Version 17
VisualStudioVersion = 17.10.35122.118
MinimumVisualStudioVersion = 10.0.40219.1
Project("{FAE04EC0-301F-11D3-BF4B-00C04F79EFBC}") = "Exercicio1Trabalho", "Exercicio1Trabalho.csproj", "{EB169916-9CA2-472F-A61B-6CCA5234A76E}"
EndProject
Project("{FAE04EC0-301F-11D3-BF4B-00C04F79EFBC}") = "Exercicio3Trabalho", "..\Exercicio2Trabalho\Exercicio3Trabalho.csproj", "{52314118-EC35-43B4-BD96-14EFC49A6442}"
EndProject
Project("{FAE04EC0-301F-11D3-BF4B-00C04F79EFBC}") = "Exercicio2Trabalhoo", "..\Exercicio2Trabalhoo\Exercicio2Trabalhoo.csproj", "{53851F38-A0A2-41E9-BC72-FC05CD0D83B2}"
EndProject
Project("{FAE04EC0-301F-11D3-BF4B-00C04F79EFBC}") = "Exercicio4Trabalho", "..\Exercicio4Trabalho\Exercicio4Trabalho.csproj", "{0D4B58B5-43E3-4600-8A66-FAF92001A3A4}"
EndProject
Project("{FAE04EC0-301F-11D3-BF4B-00C04F79EFBC}") = "Exercicio5Trabalho", "..\Exercicio5Trabalho\Exercicio5Trabalho.csproj", "{8EA13A41-9918-4E8E-9906-5B5E118C8E0D}"
EndProject
Project("{FAE04EC0-301F-11D3-BF4B-00C04F79EFBC}") = "Exercicio6Trabalho", "..\Exercicio6Trabalho\Exercicio6Trabalho.csproj", "{4411F18C-FA38-40C4-BF45-EEA1667B75FB}"
EndProject
Project("{FAE04EC0-301F-11D3-BF4B-00C04F79EFBC}") = "Exercicio7Trabalho", "..\Exercicio7Trabalho\Exercicio7Trabalho.csproj", "{B7244B91-342D-4C03-874D-DAD980628797}"
EndProject
Project("{FAE04EC0-301F-11D3-BF4B-00C04F79EFBC}") = "Exercicio8trabalho", "..\Exercicio8trabalho\Exercicio8trabalho.csproj", "{C608A587-A519-4E4A-9703-AF2DF0818C31}"
EndProject
Project("{FAE04EC0-301F-11D3-BF4B-00C04F79EFBC}") = "Exercicio9Trabalho", "..\Exercicio9Trabalho\Exercicio9Trabalho.csproj", "{FC6D5EB8-0513-488C-B3A8-7A3273743980}"
EndProject
Project("{FAE04EC0-301F-11D3-BF4B-00C04F79EFBC}") = "Exercicio10Trabalhoo", "..\Exercicio10Trabalhoo\Exercicio10Trabalhoo.csproj", "{4E6969AD-8B05-4367-B78A-297786A9221C}"
EndProject
Global
	GlobalSection(SolutionConfigurationPlatforms) = preSolution
		Debug|Any CPU = Debug|Any CPU
		Release|Any CPU = Release|Any CPU
	EndGlobalSection
	GlobalSection(ProjectConfigurationPlatforms) = postSolution
		{EB169916-9CA2-472F-A61B-6CCA5234A76E}.Debug|Any CPU.ActiveCfg = Debug|Any CPU
		{EB169916-9CA2-472F-A61B-6CCA5234A76E}.Debug|Any CPU.Build.0 = Debug|Any CPU
		{EB169916-9CA2-472F-A61B-6CCA5234A76E}.Release|Any CPU.ActiveCfg = Release|Any CPU
		{EB169916-9CA2-472F-A61B-6CCA5234A76E}.Release|Any CPU.Build.0 = Release|Any CPU
		{52314118-EC35-43B4-BD96-14EFC49A6442}.Debug|Any CPU.ActiveCfg = Debug|Any CPU
		{52314118-EC35-43B4-BD96-14EFC49A6442}.Debug|Any CPU.Build.0 = Debug|Any CPU
		{52314118-EC35-43B4-BD96-14EFC49A6442}.Release|Any CPU.ActiveCfg = Release|Any CPU
		{52314118-EC35-43B4-BD96-14EFC49A6442}.Release|Any CPU.Build.0 = Release|Any CPU
		{53851F38-A0A2-41E9-BC72-FC05CD0D83B2}.Debug|Any CPU.ActiveCfg = Debug|Any CPU
		{53851F38-A0A2-41E9-BC72-FC05CD0D83B2}.Debug|Any CPU.Build.0 = Debug|Any CPU
		{53851F38-A0A2-41E9-BC72-FC05CD0D83B2}.Release|Any CPU.ActiveCfg = Release|Any CPU
		{53851F38-A0A2-41E9-BC72-FC05CD0D83B2}.Release|Any CPU.Build.0 = Release|Any CPU
		{0D4B58B5-43E3-4600-8A66-FAF92001A3A4}.Debug|Any CPU.ActiveCfg = Debug|Any CPU
		{0D4B58B5-43E3-4600-8A66-FAF92001A3A4}.Debug|Any CPU.Build.0 = Debug|Any CPU
		{0D4B58B5-43E3-4600-8A66-FAF92001A3A4}.Release|Any CPU.ActiveCfg = Release|Any CPU
		{0D4B58B5-43E3-4600-8A66-FAF92001A3A4}.Release|Any CPU.Build.0 = Release|Any CPU
		{8EA13A41-9918-4E8E-9906-5B5E118C8E0D}.Debug|Any CPU.ActiveCfg = Debug|Any CPU
		{8EA13A41-9918-4E8E-9906-5B5E118C8E0D}.Debug|Any CPU.Build.0 = Debug|Any CPU
		{8EA13A41-9918-4E8E-9906-5B5E118C8E0D}.Release|Any CPU.ActiveCfg = Release|Any CPU
		{8EA13A41-9918-4E8E-9906-5B5E118C8E0D}.Release|Any CPU.Build.0 = Release|Any CPU
		{4411F18C-FA38-40C4-BF45-EEA1667B75FB}.Debug|Any CPU.ActiveCfg = Debug|Any CPU
		{4411F18C-FA38-40C4-BF45-EEA1667B75FB}.Debug|Any CPU.Build.0 = Debug|Any CPU
		{4411F18C-FA38-40C4-BF45-EEA1667B75FB}.Release|Any CPU.ActiveCfg = Release|Any CPU
		{4411F18C-FA38-40C4-BF45-EEA1667B75FB}.Release|Any CPU.Build.0 = Release|Any CPU
		{B7244B91-342D-4C03-874D-DAD980628797}.Debug|Any CPU.ActiveCfg = Debug|Any CPU
		{B7244B91-342D-4C03-874D-DAD980628797}.Debug|Any CPU.Build.0 = Debug|Any CPU
		{B7244B91-342D-4C03-874D-DAD980628797}.Release|Any CPU.ActiveCfg = Release|Any CPU
		{B7244B91-342D-4C03-874D-DAD980628797}.Release|Any CPU.Build.0 = Release|Any CPU
		{C608A587-A519-4E4A-9703-AF2DF0818C31}.Debug|Any CPU.ActiveCfg = Debug|Any CPU
		{C608A587-A519-4E4A-9703-AF2DF0818C31}.Debug|Any CPU.Build.0 = Debug|Any CPU
		{C608A587-A519-4E4A-9703-AF2DF0818C31}.Release|Any CPU.ActiveCfg = Release|Any CPU
		{C608A587-A519-4E4A-9703-AF2DF0818C31}.Release|Any CPU.Build.0 = Release|Any CPU
		{FC6D5EB8-0513-488C-B3A8-7A3273743980}.Debug|Any CPU.ActiveCfg = Debug|Any CPU
		{FC6D5EB8-0513-488C-B3A8-7A3273743980}.Debug|Any CPU.Build.0 = Debug|Any CPU
		{FC6D5EB8-0513-488C-B3A8-7A3273743980}.Release|Any CPU.ActiveCfg = Release|Any CPU
		{FC6D5EB8-0513-488C-B3A8-7A3273743980}.Release|Any CPU.Build.0 = Release|Any CPU
		{4E6969AD-8B05-4367-B78A-297786A9221C}.Debug|Any CPU.ActiveCfg = Debug|Any CPU
		{4E6969AD-8B05-4367-B78A-297786A9221C}.Debug|Any CPU.Build.0 = Debug|Any CPU
		{4E6969AD-8B05-4367-B78A-297786A9221C}.Release|Any CPU.ActiveCfg = Release|Any CPU
		{4E6969AD-8B05-4367-B78A-297786A9221C}.Release|Any CPU.Build.0 = Release|Any CPU
	EndGlobalSection
	GlobalSection(SolutionProperties) = preSolution
		HideSolutionNode = FALSE
	EndGlobalSection
	GlobalSection(ExtensibilityGlobals) = postSolution
		SolutionGuid = {DF5E0246-E065-4A21-8FAA-70AA52F7AEA8}
	EndGlobalSection
EndGlobal
